{
  "name": "Weather",
  "lockfileVersion": 3,
  "requires": true,
  "packages": {
    "": {
      "dependencies": {
        "simpledotcss": "^2.3.7"
      }
    },
    "node_modules/simpledotcss": {
      "version": "2.3.7",
      "resolved": "https://registry.npmjs.org/simpledotcss/-/simpledotcss-2.3.7.tgz",
      "integrity": "sha512-Ag3TpigN7725AnvgwyGkErd50SuYmlDQRU+9LLNHUIK8T4DUEWPHut6GpD1ivxARrBd8eYGTL8vzKazVFYUpQg==",
      "license": "MIT"
    }
  }
}
